
Microsoft Visual Studio Solution File, Format Version 12.00
# Visual Studio Version 16
VisualStudioVersion = 16.0.30413.136
MinimumVisualStudioVersion = 10.0.40219.1
Project("{9A19103F-16F7-4668-BE54-9A1E7A4F7556}") = "Model", "Model\Model.csproj", "{F52981DE-1821-4FC7-8C28-1F72D58B0843}"
EndProject
Project("{9A19103F-16F7-4668-BE54-9A1E7A4F7556}") = "WPFClient", "WPFClient\WPFClient.csproj", "{4F0096F4-6563-46EE-9484-CE264E647D73}"
EndProject
Project("{9A19103F-16F7-4668-BE54-9A1E7A4F7556}") = "WordManager", "WordManager\WordManager.csproj", "{149B5803-CBF8-4BB6-A4D8-C6CBA72E784B}"
EndProject
Project("{FAE04EC0-301F-11D3-BF4B-00C04F79EFBC}") = "TesterConsole", "TesterConsole\TesterConsole.csproj", "{9931D1F2-D586-43FB-890B-F999C1CCC051}"
EndProject
Global
	GlobalSection(SolutionConfigurationPlatforms) = preSolution
		Debug|Any CPU = Debug|Any CPU
		Release|Any CPU = Release|Any CPU
	EndGlobalSection
	GlobalSection(ProjectConfigurationPlatforms) = postSolution
		{F52981DE-1821-4FC7-8C28-1F72D58B0843}.Debug|Any CPU.ActiveCfg = Debug|Any CPU
		{F52981DE-1821-4FC7-8C28-1F72D58B0843}.Debug|Any CPU.Build.0 = Debug|Any CPU
		{F52981DE-1821-4FC7-8C28-1F72D58B0843}.Release|Any CPU.ActiveCfg = Release|Any CPU
		{F52981DE-1821-4FC7-8C28-1F72D58B0843}.Release|Any CPU.Build.0 = Release|Any CPU
		{4F0096F4-6563-46EE-9484-CE264E647D73}.Debug|Any CPU.ActiveCfg = Debug|Any CPU
		{4F0096F4-6563-46EE-9484-CE264E647D73}.Debug|Any CPU.Build.0 = Debug|Any CPU
		{4F0096F4-6563-46EE-9484-CE264E647D73}.Release|Any CPU.ActiveCfg = Release|Any CPU
		{4F0096F4-6563-46EE-9484-CE264E647D73}.Release|Any CPU.Build.0 = Release|Any CPU
		{149B5803-CBF8-4BB6-A4D8-C6CBA72E784B}.Debug|Any CPU.ActiveCfg = Debug|Any CPU
		{149B5803-CBF8-4BB6-A4D8-C6CBA72E784B}.Debug|Any CPU.Build.0 = Debug|Any CPU
		{149B5803-CBF8-4BB6-A4D8-C6CBA72E784B}.Release|Any CPU.ActiveCfg = Release|Any CPU
		{149B5803-CBF8-4BB6-A4D8-C6CBA72E784B}.Release|Any CPU.Build.0 = Release|Any CPU
		{9931D1F2-D586-43FB-890B-F999C1CCC051}.Debug|Any CPU.ActiveCfg = Debug|Any CPU
		{9931D1F2-D586-43FB-890B-F999C1CCC051}.Debug|Any CPU.Build.0 = Debug|Any CPU
		{9931D1F2-D586-43FB-890B-F999C1CCC051}.Release|Any CPU.ActiveCfg = Release|Any CPU
		{9931D1F2-D586-43FB-890B-F999C1CCC051}.Release|Any CPU.Build.0 = Release|Any CPU
	EndGlobalSection
	GlobalSection(SolutionProperties) = preSolution
		HideSolutionNode = FALSE
	EndGlobalSection
	GlobalSection(ExtensibilityGlobals) = postSolution
		SolutionGuid = {4AFC5D6B-4487-46E4-BCA4-6A7B3E5E6C00}
	EndGlobalSection
EndGlobal
