
Microsoft Visual Studio Solution File, Format Version 12.00
# Visual Studio Version 16
VisualStudioVersion = 16.0.30413.136
MinimumVisualStudioVersion = 10.0.40219.1
Project("{9A19103F-16F7-4668-BE54-9A1E7A4F7556}") = "TajikKEA", "TajikKEA\TajikKEA.csproj", "{F52981DE-1821-4FC7-8C28-1F72D58B0843}"
EndProject
Project("{9A19103F-16F7-4668-BE54-9A1E7A4F7556}") = "TajikKEAJsonContext", "TajikKEAJsonContext\TajikKEAJsonContext.csproj", "{A1AF5F52-2460-4846-BB9B-A9564AB7D913}"
EndProject
Global
	GlobalSection(SolutionConfigurationPlatforms) = preSolution
		Debug|Any CPU = Debug|Any CPU
		Release|Any CPU = Release|Any CPU
	EndGlobalSection
	GlobalSection(ProjectConfigurationPlatforms) = postSolution
		{F52981DE-1821-4FC7-8C28-1F72D58B0843}.Debug|Any CPU.ActiveCfg = Debug|Any CPU
		{F52981DE-1821-4FC7-8C28-1F72D58B0843}.Debug|Any CPU.Build.0 = Debug|Any CPU
		{F52981DE-1821-4FC7-8C28-1F72D58B0843}.Release|Any CPU.ActiveCfg = Release|Any CPU
		{F52981DE-1821-4FC7-8C28-1F72D58B0843}.Release|Any CPU.Build.0 = Release|Any CPU
		{A1AF5F52-2460-4846-BB9B-A9564AB7D913}.Debug|Any CPU.ActiveCfg = Debug|Any CPU
		{A1AF5F52-2460-4846-BB9B-A9564AB7D913}.Debug|Any CPU.Build.0 = Debug|Any CPU
		{A1AF5F52-2460-4846-BB9B-A9564AB7D913}.Release|Any CPU.ActiveCfg = Release|Any CPU
		{A1AF5F52-2460-4846-BB9B-A9564AB7D913}.Release|Any CPU.Build.0 = Release|Any CPU
	EndGlobalSection
	GlobalSection(SolutionProperties) = preSolution
		HideSolutionNode = FALSE
	EndGlobalSection
	GlobalSection(ExtensibilityGlobals) = postSolution
		SolutionGuid = {4AFC5D6B-4487-46E4-BCA4-6A7B3E5E6C00}
	EndGlobalSection
EndGlobal
